// !$*UTF8*$!
{
	archiveVersion = 1;
	classes = {
	};
	objectVersion = 46;
	objects = {

/* Begin PBXBuildFile section */
		03DB96341E07391700FA2804 /* AppDelegate.swift in Sources */ = {isa = PBXBuildFile; fileRef = 03DB96331E07391700FA2804 /* AppDelegate.swift */; };
		03DB96361E07391700FA2804 /* ViewController.swift in Sources */ = {isa = PBXBuildFile; fileRef = 03DB96351E07391700FA2804 /* ViewController.swift */; };
		03DB96391E07391700FA2804 /* Main.storyboard in Resources */ = {isa = PBXBuildFile; fileRef = 03DB96371E07391700FA2804 /* Main.storyboard */; };
		03DB963B1E07391700FA2804 /* Assets.xcassets in Resources */ = {isa = PBXBuildFile; fileRef = 03DB963A1E07391700FA2804 /* Assets.xcassets */; };
		03DB963E1E07391700FA2804 /* LaunchScreen.storyboard in Resources */ = {isa = PBXBuildFile; fileRef = 03DB963C1E07391700FA2804 /* LaunchScreen.storyboard */; };
/* End PBXBuildFile section */

/* Begin PBXFileReference section */
		03DB96301E07391700FA2804 /* PasscodeLocking.app */ = {isa = PBXFileReference; explicitFileType = wrapper.application; includeInIndex = 0; path = PasscodeLocking.app; sourceTree = BUILT_PRODUCTS_DIR; };
		03DB96331E07391700FA2804 /* AppDelegate.swift */ = {isa = PBXFileReference; lastKnownFileType = sourcecode.swift; path = AppDelegate.swift; sourceTree = "<group>"; };
		03DB96351E07391700FA2804 /* ViewController.swift */ = {isa = PBXFileReference; lastKnownFileType = sourcecode.swift; path = ViewController.swift; sourceTree = "<group>"; };
		03DB96381E07391700FA2804 /* Base */ = {isa = PBXFileReference; lastKnownFileType = file.storyboard; name = Base; path = Base.lproj/Main.storyboard; sourceTree = "<group>"; };
		03DB963A1E07391700FA2804 /* Assets.xcassets */ = {isa = PBXFileReference; lastKnownFileType = folder.assetcatalog; path = Assets.xcassets; sourceTree = "<group>"; };
		03DB963D1E07391700FA2804 /* Base */ = {isa = PBXFileReference; lastKnownFileType = file.storyboard; name = Base; path = Base.lproj/LaunchScreen.storyboard; sourceTree = "<group>"; };
		03DB963F1E07391700FA2804 /* Info.plist */ = {isa = PBXFileReference; lastKnownFileType = text.plist.xml; path = Info.plist; sourceTree = "<group>"; };
/* End PBXFileReference section */

/* Begin PBXFrameworksBuildPhase section */
		03DB962D1E07391700FA2804 /* Frameworks */ = {
			isa = PBXFrameworksBuildPhase;
			buildActionMask = 2147483647;
			files = (
			);
			runOnlyForDeploymentPostprocessing = 0;
		};
/* End PBXFrameworksBuildPhase section */

/* Begin PBXGroup section */
		03DB96271E07391700FA2804 = {
			isa = PBXGroup;
			children = (
				03DB96321E07391700FA2804 /* PasscodeLocking */,
				03DB96311E07391700FA2804 /* Products */,
			);
			sourceTree = "<group>";
		};
		03DB96311E07391700FA2804 /* Products */ = {
			isa = PBXGroup;
			children = (
				03DB96301E07391700FA2804 /* PasscodeLocking.app */,
			);
			name = Products;
			sourceTree = "<group>";
		};
		03DB96321E07391700FA2804 /* PasscodeLocking */ = {
			isa = PBXGroup;
			children = (
				03DB96331E07391700FA2804 /* AppDelegate.swift */,
				03DB96351E07391700FA2804 /* ViewController.swift */,
				03DB96371E07391700FA2804 /* Main.storyboard */,
				03DB963A1E07391700FA2804 /* Assets.xcassets */,
				03DB963C1E07391700FA2804 /* LaunchScreen.storyboard */,
				03DB963F1E07391700FA2804 /* Info.plist */,
			);
			path = PasscodeLocking;
			sourceTree = "<group>";
		};
/* End PBXGroup section */

/* Begin PBXNativeTarget section */
		03DB962F1E07391700FA2804 /* PasscodeLocking */ = {
			isa = PBXNativeTarget;
			buildConfigurationList = 03DB96421E07391700FA2804 /* Build configuration list for PBXNativeTarget "PasscodeLocking" */;
			buildPhases = (
				03DB962C1E07391700FA2804 /* Sources */,
				03DB962D1E07391700FA2804 /* Frameworks */,
				03DB962E1E07391700FA2804 /* Resources */,
			);
			buildRules = (
			);
			dependencies = (
			);
			name = PasscodeLocking;
			productName = PasscodeLocking;
			productReference = 03DB96301E07391700FA2804 /* PasscodeLocking.app */;
			productType = "com.apple.product-type.application";
		};
/* End PBXNativeTarget section */

/* Begin PBXProject section */
		03DB96281E07391700FA2804 /* Project object */ = {
			isa = PBXProject;
			attributes = {
				LastSwiftUpdateCheck = 0820;
				LastUpgradeCheck = 0820;
				ORGANIZATIONNAME = "Nico Schuele";
				TargetAttributes = {
					03DB962F1E07391700FA2804 = {
						CreatedOnToolsVersion = 8.2;
						DevelopmentTeam = 89K854R6UT;
						ProvisioningStyle = Automatic;
					};
				};
			};
			buildConfigurationList = 03DB962B1E07391700FA2804 /* Build configuration list for PBXProject "PasscodeLocking" */;
			compatibilityVersion = "Xcode 3.2";
			developmentRegion = English;
			hasScannedForEncodings = 0;
			knownRegions = (
				en,
				Base,
			);
			mainGroup = 03DB96271E07391700FA2804;
			productRefGroup = 03DB96311E07391700FA2804 /* Products */;
			projectDirPath = "";
			projectRoot = "";
			targets = (
				03DB962F1E07391700FA2804 /* PasscodeLocking */,
			);
		};
/* End PBXProject section */

/* Begin PBXResourcesBuildPhase section */
		03DB962E1E07391700FA2804 /* Resources */ = {
			isa = PBXResourcesBuildPhase;
			buildActionMask = 2147483647;
			files = (
				03DB963E1E07391700FA2804 /* LaunchScreen.storyboard in Resources */,
				03DB963B1E07391700FA2804 /* Assets.xcassets in Resources */,
				03DB96391E07391700FA2804 /* Main.storyboard in Resources */,
			);
			runOnlyForDeploymentPostprocessing = 0;
		};
/* End PBXResourcesBuildPhase section */

/* Begin PBXSourcesBuildPhase section */
		03DB962C1E07391700FA2804 /* Sources */ = {
			isa = PBXSourcesBuildPhase;
			buildActionMask = 2147483647;
			files = (
				03DB96361E07391700FA2804 /* ViewController.swift in Sources */,
				03DB96341E07391700FA2804 /* AppDelegate.swift in Sources */,
			);
			runOnlyForDeploymentPostprocessing = 0;
		};
/* End PBXSourcesBuildPhase section */

/* Begin PBXVariantGroup section */
		03DB96371E07391700FA2804 /* Main.storyboard */ = {
			isa = PBXVariantGroup;
			children = (
				03DB96381E07391700FA2804 /* Base */,
			);
			name = Main.storyboard;
			sourceTree = "<group>";
		};
		03DB963C1E07391700FA2804 /* LaunchScreen.storyboard */ = {
			isa = PBXVariantGroup;
			children = (
				03DB963D1E07391700FA2804 /* Base */,
			);
			name = LaunchScreen.storyboard;
			sourceTree = "<group>";
		};
/* End PBXVariantGroup section */

/* Begin XCBuildConfiguration section */
		03DB96401E07391700FA2804 /* Debug */ = {
			isa = XCBuildConfiguration;
			buildSettings = {
				ALWAYS_SEARCH_USER_PATHS = NO;
				CLANG_ANALYZER_NONNULL = YES;
				CLANG_CXX_LANGUAGE_STANDARD = "gnu++0x";
				CLANG_CXX_LIBRARY = "libc++";
				CLANG_ENABLE_MODULES = YES;
				CLANG_ENABLE_OBJC_ARC = YES;
				CLANG_WARN_BOOL_CONVERSION = YES;
				CLANG_WARN_CONSTANT_CONVERSION = YES;
				CLANG_WARN_DIRECT_OBJC_ISA_USAGE = YES_ERROR;
				CLANG_WARN_DOCUMENTATION_COMMENTS = YES;
				CLANG_WARN_EMPTY_BODY = YES;
				CLANG_WARN_ENUM_CONVERSION = YES;
				CLANG_WARN_INFINITE_RECURSION = YES;
				CLANG_WARN_INT_CONVERSION = YES;
				CLANG_WARN_OBJC_ROOT_CLASS = YES_ERROR;
				CLANG_WARN_SUSPICIOUS_MOVE = YES;
				CLANG_WARN_UNREACHABLE_CODE = YES;
				CLANG_WARN__DUPLICATE_METHOD_MATCH = YES;
				"CODE_SIGN_IDENTITY[sdk=iphoneos*]" = "iPhone Developer";
				COPY_PHASE_STRIP = NO;
				DEBUG_INFORMATION_FORMAT = dwarf;
				ENABLE_STRICT_OBJC_MSGSEND = YES;
				ENABLE_TESTABILITY = YES;
				GCC_C_LANGUAGE_STANDARD = gnu99;
				GCC_DYNAMIC_NO_PIC = NO;
				GCC_NO_COMMON_BLOCKS = YES;
				GCC_OPTIMIZATION_LEVEL = 0;
				GCC_PREPROCESSOR_DEFINITIONS = (
					"DEBUG=1",
					"$(inherited)",
				);
				GCC_WARN_64_TO_32_BIT_CONVERSION = YES;
				GCC_WARN_ABOUT_RETURN_TYPE = YES_ERROR;
				GCC_WARN_UNDECLARED_SELECTOR = YES;
				GCC_WARN_UNINITIALIZED_AUTOS = YES_AGGRESSIVE;
				GCC_WARN_UNUSED_FUNCTION = YES;
				GCC_WARN_UNUSED_VARIABLE = YES;
				IPHONEOS_DEPLOYMENT_TARGET = 10.2;
				MTL_ENABLE_DEBUG_INFO = YES;
				ONLY_ACTIVE_ARCH = YES;
				SDKROOT = iphoneos;
				SWIFT_ACTIVE_COMPILATION_CONDITIONS = DEBUG;
				SWIFT_OPTIMIZATION_LEVEL = "-Onone";
				TARGETED_DEVICE_FAMILY = "1,2";
			};
			name = Debug;
		};
		03DB96411E07391700FA2804 /* Release */ = {
			isa = XCBuildConfiguration;
			buildSettings = {
				ALWAYS_SEARCH_USER_PATHS = NO;
				CLANG_ANALYZER_NONNULL = YES;
				CLANG_CXX_LANGUAGE_STANDARD = "gnu++0x";
				CLANG_CXX_LIBRARY = "libc++";
				CLANG_ENABLE_MODULES = YES;
				CLANG_ENABLE_OBJC_ARC = YES;
				CLANG_WARN_BOOL_CONVERSION = YES;
				CLANG_WARN_CONSTANT_CONVERSION = YES;
				CLANG_WARN_DIRECT_OBJC_ISA_USAGE = YES_ERROR;
				CLANG_WARN_DOCUMENTATION_COMMENTS = YES;
				CLANG_WARN_EMPTY_BODY = YES;
				CLANG_WARN_ENUM_CONVERSION = YES;
				CLANG_WARN_INFINITE_RECURSION = YES;
				CLANG_WARN_INT_CONVERSION = YES;
				CLANG_WARN_OBJC_ROOT_CLASS = YES_ERROR;
				CLANG_WARN_SUSPICIOUS_MOVE = YES;
				CLANG_WARN_UNREACHABLE_CODE = YES;
				CLANG_WARN__DUPLICATE_METHOD_MATCH = YES;
				"CODE_SIGN_IDENTITY[sdk=iphoneos*]" = "iPhone Developer";
				COPY_PHASE_STRIP = NO;
				DEBUG_INFORMATION_FORMAT = "dwarf-with-dsym";
				ENABLE_NS_ASSERTIONS = NO;
				ENABLE_STRICT_OBJC_MSGSEND = YES;
				GCC_C_LANGUAGE_STANDARD = gnu99;
				GCC_NO_COMMON_BLOCKS = YES;
				GCC_WARN_64_TO_32_BIT_CONVERSION = YES;
				GCC_WARN_ABOUT_RETURN_TYPE = YES_ERROR;
				GCC_WARN_UNDECLARED_SELECTOR = YES;
				GCC_WARN_UNINITIALIZED_AUTOS = YES_AGGRESSIVE;
				GCC_WARN_UNUSED_FUNCTION = YES;
				GCC_WARN_UNUSED_VARIABLE = YES;
				IPHONEOS_DEPLOYMENT_TARGET = 10.2;
				MTL_ENABLE_DEBUG_INFO = NO;
				SDKROOT = iphoneos;
				SWIFT_OPTIMIZATION_LEVEL = "-Owholemodule";
				TARGETED_DEVICE_FAMILY = "1,2";
				VALIDATE_PRODUCT = YES;
			};
			name = Release;
		};
		03DB96431E07391700FA2804 /* Debug */ = {
			isa = XCBuildConfiguration;
			buildSettings = {
				ASSETCATALOG_COMPILER_APPICON_NAME = AppIcon;
				DEVELOPMENT_TEAM = 89K854R6UT;
				INFOPLIST_FILE = PasscodeLocking/Info.plist;
				LD_RUNPATH_SEARCH_PATHS = "$(inherited) @executable_path/Frameworks";
				PRODUCT_BUNDLE_IDENTIFIER = com.nicoschuele.PasscodeLocking;
				PRODUCT_NAME = "$(TARGET_NAME)";
				SWIFT_VERSION = 3.0;
			};
			name = Debug;
		};
		03DB96441E07391700FA2804 /* Release */ = {
			isa = XCBuildConfiguration;
			buildSettings = {
				ASSETCATALOG_COMPILER_APPICON_NAME = AppIcon;
				DEVELOPMENT_TEAM = 89K854R6UT;
				INFOPLIST_FILE = PasscodeLocking/Info.plist;
				LD_RUNPATH_SEARCH_PATHS = "$(inherited) @executable_path/Frameworks";
				PRODUCT_BUNDLE_IDENTIFIER = com.nicoschuele.PasscodeLocking;
				PRODUCT_NAME = "$(TARGET_NAME)";
				SWIFT_VERSION = 3.0;
			};
			name = Release;
		};
/* End XCBuildConfiguration section */

/* Begin XCConfigurationList section */
		03DB962B1E07391700FA2804 /* Build configuration list for PBXProject "PasscodeLocking" */ = {
			isa = XCConfigurationList;
			buildConfigurations = (
				03DB96401E07391700FA2804 /* Debug */,
				03DB96411E07391700FA2804 /* Release */,
			);
			defaultConfigurationIsVisible = 0;
			defaultConfigurationName = Release;
		};
		03DB96421E07391700FA2804 /* Build configuration list for PBXNativeTarget "PasscodeLocking" */ = {
			isa = XCConfigurationList;
			buildConfigurations = (
				03DB96431E07391700FA2804 /* Debug */,
				03DB96441E07391700FA2804 /* Release */,
			);
			defaultConfigurationIsVisible = 0;
		};
/* End XCConfigurationList section */
	};
	rootObject = 03DB96281E07391700FA2804 /* Project object */;
}
